
Microsoft Visual Studio Solution File, Format Version 12.00
# Visual Studio Version 16
VisualStudioVersion = 16.0.30114.105
MinimumVisualStudioVersion = 10.0.40219.1
Project("{9A19103F-16F7-4668-BE54-9A1E7A4F7556}") = "chapter15", "chapter15.csproj", "{4499A93A-269F-4769-879F-17A93B67E7B1}"
EndProject
Global
	GlobalSection(SolutionConfigurationPlatforms) = preSolution
		Debug|Any CPU = Debug|Any CPU
		Release|Any CPU = Release|Any CPU
	EndGlobalSection
	GlobalSection(ProjectConfigurationPlatforms) = postSolution
		{4499A93A-269F-4769-879F-17A93B67E7B1}.Debug|Any CPU.ActiveCfg = Debug|Any CPU
		{4499A93A-269F-4769-879F-17A93B67E7B1}.Debug|Any CPU.Build.0 = Debug|Any CPU
		{4499A93A-269F-4769-879F-17A93B67E7B1}.Release|Any CPU.ActiveCfg = Release|Any CPU
		{4499A93A-269F-4769-879F-17A93B67E7B1}.Release|Any CPU.Build.0 = Release|Any CPU
		{960E309E-C995-4FB9-87F1-15C1F9C7EA20}.Debug|Any CPU.ActiveCfg = Debug|Any CPU
		{960E309E-C995-4FB9-87F1-15C1F9C7EA20}.Debug|Any CPU.Build.0 = Debug|Any CPU
		{960E309E-C995-4FB9-87F1-15C1F9C7EA20}.Release|Any CPU.ActiveCfg = Release|Any CPU
		{960E309E-C995-4FB9-87F1-15C1F9C7EA20}.Release|Any CPU.Build.0 = Release|Any CPU
	EndGlobalSection
	GlobalSection(SolutionProperties) = preSolution
		HideSolutionNode = FALSE
	EndGlobalSection
	GlobalSection(ExtensibilityGlobals) = postSolution
		SolutionGuid = {B51FC4D8-EDD6-40A6-998A-9F792B794681}
	EndGlobalSection
EndGlobal
